
Microsoft Visual Studio Solution File, Format Version 12.00
# Visual Studio Version 17
VisualStudioVersion = 17.11.35327.3
MinimumVisualStudioVersion = 10.0.40219.1
Project("{2150E333-8FDC-42A3-9474-1A3956D46DE8}") = "Task0", "Task0", "{E4BDCDC5-38CF-4665-96B1-B8E4DAB95E7B}"
EndProject
Project("{9A19103F-16F7-4668-BE54-9A1E7A4F7556}") = "Tyuiu.MedyanichevDI.Sprint6.Task0.V7.Lib", "Tyuiu.MedyanichevDI.Sprint6.Task0.V7.Lib\Tyuiu.MedyanichevDI.Sprint6.Task0.V7.Lib.csproj", "{F8478F49-9B64-4855-B0AE-C7F0B126740C}"
EndProject
Project("{9A19103F-16F7-4668-BE54-9A1E7A4F7556}") = "Tyuiu.MedyanichevDI.Sprint6.Task0.V7.Test", "Tyuiu.MedyanichevDI.Sprint6.Task0.V7.Test\Tyuiu.MedyanichevDI.Sprint6.Task0.V7.Test.csproj", "{0EADE7DD-2A84-409F-8823-E18001F210CD}"
EndProject
Project("{9A19103F-16F7-4668-BE54-9A1E7A4F7556}") = "Tyuiu.MedyanichevDI.Sprint6.Task0.V7", "Tyuiu.MedyanichevDI.Sprint6.Task0.V7\Tyuiu.MedyanichevDI.Sprint6.Task0.V7.csproj", "{26247F76-2464-418D-AD69-009FA412456E}"
EndProject
Project("{2150E333-8FDC-42A3-9474-1A3956D46DE8}") = "Task1", "Task1", "{D1A3F3DC-7643-4370-8916-AF74C1AEF1D2}"
EndProject
Project("{9A19103F-16F7-4668-BE54-9A1E7A4F7556}") = "Tyuiu.MedyanichevDI.Sprint6.Task1.V4", "Tyuiu.MedyanichevDI.Sprint6.Task1.V4\Tyuiu.MedyanichevDI.Sprint6.Task1.V4.csproj", "{CE939709-2089-4D75-B5CE-8A7E3BCD0E96}"
EndProject
Project("{9A19103F-16F7-4668-BE54-9A1E7A4F7556}") = "Tyuiu.MedyanichevDI.Sprint6.Task1.V4.Lib", "Tyuiu.MedyanichevDI.Sprint6.Task1.V4.Lib\Tyuiu.MedyanichevDI.Sprint6.Task1.V4.Lib.csproj", "{EE2D2D11-63AB-47B7-9844-62D692E03640}"
EndProject
Project("{9A19103F-16F7-4668-BE54-9A1E7A4F7556}") = "Tyuiu.MedyanichevDI.Sprint6.Task1.V4.Test", "Tyuiu.MedyanichevDI.Sprint6.Task1.V4.Test\Tyuiu.MedyanichevDI.Sprint6.Task1.V4.Test.csproj", "{185BB2F6-7848-4A71-A05C-6CF33397AC2C}"
EndProject
Project("{2150E333-8FDC-42A3-9474-1A3956D46DE8}") = "Task2", "Task2", "{187DE259-878B-4AE0-A45D-AFAFFE9D1BFB}"
EndProject
Project("{FAE04EC0-301F-11D3-BF4B-00C04F79EFBC}") = "Tyuiu.MedyanichevDI.Sprint6.Task2.V14", "Tyuiu.MedyanichevDI.Sprint6.Task2.V14\Tyuiu.MedyanichevDI.Sprint6.Task2.V14.csproj", "{A7F97F42-9BB7-4EEB-8BB7-74B182F5ABE7}"
EndProject
Project("{FAE04EC0-301F-11D3-BF4B-00C04F79EFBC}") = "Tyuiu.MedyanichevDI.Sprint6.Task2.V14.Lib", "Tyuiu.MedyanichevDI.Sprint6.Task2.V14.Lib\Tyuiu.MedyanichevDI.Sprint6.Task2.V14.Lib.csproj", "{70C8A23D-3A5A-44D5-B51A-2FD9C0499A75}"
EndProject
Project("{FAE04EC0-301F-11D3-BF4B-00C04F79EFBC}") = "Tyuiu.MedyanichevDI.Sprint6.Task2.V14.Test", "Tyuiu.MedyanichevDI.Sprint6.Task2.V14.Test\Tyuiu.MedyanichevDI.Sprint6.Task2.V14.Test.csproj", "{B8FFFD5C-78B8-434D-BA02-348C3EA050BC}"
EndProject
Project("{2150E333-8FDC-42A3-9474-1A3956D46DE8}") = "Task3", "Task3", "{5EF4466B-DC8E-4488-8D61-3CEBC40EE987}"
EndProject
Project("{FAE04EC0-301F-11D3-BF4B-00C04F79EFBC}") = "Tyuiu.MedyanichevDI.Sprint6.Task3.V2", "Tyuiu.MedyanichevDI.Sprint6.Task3.V2\Tyuiu.MedyanichevDI.Sprint6.Task3.V2.csproj", "{52E46D68-D1B0-4CD0-8742-9FD1B32681D3}"
EndProject
Project("{FAE04EC0-301F-11D3-BF4B-00C04F79EFBC}") = "Tyuiu.MedyanichevDI.Sprint6.Task3.V2.Lib", "Tyuiu.MedyanichevDI.Sprint6.Task3.V2.Lib\Tyuiu.MedyanichevDI.Sprint6.Task3.V2.Lib.csproj", "{46C6CA71-D197-459E-AEB5-579DE3ACD052}"
EndProject
Project("{FAE04EC0-301F-11D3-BF4B-00C04F79EFBC}") = "Tyuiu.MedyanichevDI.Sprint6.Task3.V2.Test", "Tyuiu.MedyanichevDI.Sprint6.Task3.V2.Test\Tyuiu.MedyanichevDI.Sprint6.Task3.V2.Test.csproj", "{AEB2A4F2-2608-4058-A19D-4096C06CD396}"
EndProject
Global
	GlobalSection(SolutionConfigurationPlatforms) = preSolution
		Debug|Any CPU = Debug|Any CPU
		Release|Any CPU = Release|Any CPU
	EndGlobalSection
	GlobalSection(ProjectConfigurationPlatforms) = postSolution
		{F8478F49-9B64-4855-B0AE-C7F0B126740C}.Debug|Any CPU.ActiveCfg = Debug|Any CPU
		{F8478F49-9B64-4855-B0AE-C7F0B126740C}.Debug|Any CPU.Build.0 = Debug|Any CPU
		{F8478F49-9B64-4855-B0AE-C7F0B126740C}.Release|Any CPU.ActiveCfg = Release|Any CPU
		{F8478F49-9B64-4855-B0AE-C7F0B126740C}.Release|Any CPU.Build.0 = Release|Any CPU
		{0EADE7DD-2A84-409F-8823-E18001F210CD}.Debug|Any CPU.ActiveCfg = Debug|Any CPU
		{0EADE7DD-2A84-409F-8823-E18001F210CD}.Debug|Any CPU.Build.0 = Debug|Any CPU
		{0EADE7DD-2A84-409F-8823-E18001F210CD}.Release|Any CPU.ActiveCfg = Release|Any CPU
		{0EADE7DD-2A84-409F-8823-E18001F210CD}.Release|Any CPU.Build.0 = Release|Any CPU
		{26247F76-2464-418D-AD69-009FA412456E}.Debug|Any CPU.ActiveCfg = Debug|Any CPU
		{26247F76-2464-418D-AD69-009FA412456E}.Debug|Any CPU.Build.0 = Debug|Any CPU
		{26247F76-2464-418D-AD69-009FA412456E}.Release|Any CPU.ActiveCfg = Release|Any CPU
		{26247F76-2464-418D-AD69-009FA412456E}.Release|Any CPU.Build.0 = Release|Any CPU
		{CE939709-2089-4D75-B5CE-8A7E3BCD0E96}.Debug|Any CPU.ActiveCfg = Debug|Any CPU
		{CE939709-2089-4D75-B5CE-8A7E3BCD0E96}.Debug|Any CPU.Build.0 = Debug|Any CPU
		{CE939709-2089-4D75-B5CE-8A7E3BCD0E96}.Release|Any CPU.ActiveCfg = Release|Any CPU
		{CE939709-2089-4D75-B5CE-8A7E3BCD0E96}.Release|Any CPU.Build.0 = Release|Any CPU
		{EE2D2D11-63AB-47B7-9844-62D692E03640}.Debug|Any CPU.ActiveCfg = Debug|Any CPU
		{EE2D2D11-63AB-47B7-9844-62D692E03640}.Debug|Any CPU.Build.0 = Debug|Any CPU
		{EE2D2D11-63AB-47B7-9844-62D692E03640}.Release|Any CPU.ActiveCfg = Release|Any CPU
		{EE2D2D11-63AB-47B7-9844-62D692E03640}.Release|Any CPU.Build.0 = Release|Any CPU
		{185BB2F6-7848-4A71-A05C-6CF33397AC2C}.Debug|Any CPU.ActiveCfg = Debug|Any CPU
		{185BB2F6-7848-4A71-A05C-6CF33397AC2C}.Debug|Any CPU.Build.0 = Debug|Any CPU
		{185BB2F6-7848-4A71-A05C-6CF33397AC2C}.Release|Any CPU.ActiveCfg = Release|Any CPU
		{185BB2F6-7848-4A71-A05C-6CF33397AC2C}.Release|Any CPU.Build.0 = Release|Any CPU
		{A7F97F42-9BB7-4EEB-8BB7-74B182F5ABE7}.Debug|Any CPU.ActiveCfg = Debug|Any CPU
		{A7F97F42-9BB7-4EEB-8BB7-74B182F5ABE7}.Debug|Any CPU.Build.0 = Debug|Any CPU
		{A7F97F42-9BB7-4EEB-8BB7-74B182F5ABE7}.Release|Any CPU.ActiveCfg = Release|Any CPU
		{A7F97F42-9BB7-4EEB-8BB7-74B182F5ABE7}.Release|Any CPU.Build.0 = Release|Any CPU
		{70C8A23D-3A5A-44D5-B51A-2FD9C0499A75}.Debug|Any CPU.ActiveCfg = Debug|Any CPU
		{70C8A23D-3A5A-44D5-B51A-2FD9C0499A75}.Debug|Any CPU.Build.0 = Debug|Any CPU
		{70C8A23D-3A5A-44D5-B51A-2FD9C0499A75}.Release|Any CPU.ActiveCfg = Release|Any CPU
		{70C8A23D-3A5A-44D5-B51A-2FD9C0499A75}.Release|Any CPU.Build.0 = Release|Any CPU
		{B8FFFD5C-78B8-434D-BA02-348C3EA050BC}.Debug|Any CPU.ActiveCfg = Debug|Any CPU
		{B8FFFD5C-78B8-434D-BA02-348C3EA050BC}.Debug|Any CPU.Build.0 = Debug|Any CPU
		{B8FFFD5C-78B8-434D-BA02-348C3EA050BC}.Release|Any CPU.ActiveCfg = Release|Any CPU
		{B8FFFD5C-78B8-434D-BA02-348C3EA050BC}.Release|Any CPU.Build.0 = Release|Any CPU
		{52E46D68-D1B0-4CD0-8742-9FD1B32681D3}.Debug|Any CPU.ActiveCfg = Debug|Any CPU
		{52E46D68-D1B0-4CD0-8742-9FD1B32681D3}.Debug|Any CPU.Build.0 = Debug|Any CPU
		{52E46D68-D1B0-4CD0-8742-9FD1B32681D3}.Release|Any CPU.ActiveCfg = Release|Any CPU
		{52E46D68-D1B0-4CD0-8742-9FD1B32681D3}.Release|Any CPU.Build.0 = Release|Any CPU
		{46C6CA71-D197-459E-AEB5-579DE3ACD052}.Debug|Any CPU.ActiveCfg = Debug|Any CPU
		{46C6CA71-D197-459E-AEB5-579DE3ACD052}.Debug|Any CPU.Build.0 = Debug|Any CPU
		{46C6CA71-D197-459E-AEB5-579DE3ACD052}.Release|Any CPU.ActiveCfg = Release|Any CPU
		{46C6CA71-D197-459E-AEB5-579DE3ACD052}.Release|Any CPU.Build.0 = Release|Any CPU
		{AEB2A4F2-2608-4058-A19D-4096C06CD396}.Debug|Any CPU.ActiveCfg = Debug|Any CPU
		{AEB2A4F2-2608-4058-A19D-4096C06CD396}.Debug|Any CPU.Build.0 = Debug|Any CPU
		{AEB2A4F2-2608-4058-A19D-4096C06CD396}.Release|Any CPU.ActiveCfg = Release|Any CPU
		{AEB2A4F2-2608-4058-A19D-4096C06CD396}.Release|Any CPU.Build.0 = Release|Any CPU
	EndGlobalSection
	GlobalSection(SolutionProperties) = preSolution
		HideSolutionNode = FALSE
	EndGlobalSection
	GlobalSection(NestedProjects) = preSolution
		{F8478F49-9B64-4855-B0AE-C7F0B126740C} = {E4BDCDC5-38CF-4665-96B1-B8E4DAB95E7B}
		{0EADE7DD-2A84-409F-8823-E18001F210CD} = {E4BDCDC5-38CF-4665-96B1-B8E4DAB95E7B}
		{26247F76-2464-418D-AD69-009FA412456E} = {E4BDCDC5-38CF-4665-96B1-B8E4DAB95E7B}
		{CE939709-2089-4D75-B5CE-8A7E3BCD0E96} = {D1A3F3DC-7643-4370-8916-AF74C1AEF1D2}
		{EE2D2D11-63AB-47B7-9844-62D692E03640} = {D1A3F3DC-7643-4370-8916-AF74C1AEF1D2}
		{185BB2F6-7848-4A71-A05C-6CF33397AC2C} = {D1A3F3DC-7643-4370-8916-AF74C1AEF1D2}
		{A7F97F42-9BB7-4EEB-8BB7-74B182F5ABE7} = {187DE259-878B-4AE0-A45D-AFAFFE9D1BFB}
		{70C8A23D-3A5A-44D5-B51A-2FD9C0499A75} = {187DE259-878B-4AE0-A45D-AFAFFE9D1BFB}
		{B8FFFD5C-78B8-434D-BA02-348C3EA050BC} = {187DE259-878B-4AE0-A45D-AFAFFE9D1BFB}
		{52E46D68-D1B0-4CD0-8742-9FD1B32681D3} = {5EF4466B-DC8E-4488-8D61-3CEBC40EE987}
		{46C6CA71-D197-459E-AEB5-579DE3ACD052} = {5EF4466B-DC8E-4488-8D61-3CEBC40EE987}
		{AEB2A4F2-2608-4058-A19D-4096C06CD396} = {5EF4466B-DC8E-4488-8D61-3CEBC40EE987}
	EndGlobalSection
	GlobalSection(ExtensibilityGlobals) = postSolution
		SolutionGuid = {8E66AEF6-254C-42E1-8315-D83DF041E28A}
	EndGlobalSection
EndGlobal
